<?xml version="1.0" encoding="utf-8"?>
<Project ToolsVersion="4.0" xmlns="http://schemas.microsoft.com/developer/msbuild/2003">
  <ItemGroup>
    <Filter Include="Source Files">
      <UniqueIdentifier>{4FC737F1-C7A5-4376-A066-2A32D752A2FF}</UniqueIdentifier>
      <Extensions>cpp;c;cc;cxx;c++;cppm;ixx;def;odl;idl;hpj;bat;asm;asmx</Extensions>
    </Filter>
    <Filter Include="Header Files">
      <UniqueIdentifier>{93995380-89BD-4b04-88EB-625FBE52EBFB}</UniqueIdentifier>
      <Extensions>h;hh;hpp;hxx;h++;hm;inl;inc;ipp;xsd</Extensions>
    </Filter>
    <Filter Include="Resource Files">
      <UniqueIdentifier>{67DA6AB6-F800-4c08-8B7A-83BB121AAD01}</UniqueIdentifier>
      <Extensions>rc;ico;cur;bmp;dlg;rc2;rct;bin;rgs;gif;jpg;jpeg;jpe;resx;tiff;tif;png;wav;mfcribbon-ms</Extensions>
    </Filter>
  </ItemGroup>
  <ItemGroup>
    <ClCompile Include="Source.cpp">
      <Filter>Source Files</Filter>
    </ClCompile>
  </ItemGroup>
  <ItemGroup>
    <Image Include="open.png">
      <Filter>Resource Files</Filter>
    </Image>
    <Image Include="Menu.png">
      <Filter>Resource Files</Filter>
    </Image>
    <Image Include="Menu1.png">
      <Filter>Resource Files</Filter>
    </Image>
    <Image Include="Menu2.png">
      <Filter>Resource Files</Filter>
    </Image>
    <Image Include="Menu3.png">
      <Filter>Resource Files</Filter>
    </Image>
    <Image Include="gameplay.png">
      <Filter>Resource Files</Filter>
    </Image>
    <Image Include="nood.png">
      <Filter>Resource Files</Filter>
    </Image>
    <Image Include="..\..\..\..\Downloads\perfect.png">
      <Filter>Resource Files</Filter>
    </Image>
    <Image Include="good.png">
      <Filter>Resource Files</Filter>
    </Image>
    <Image Include="miss.png">
      <Filter>Resource Files</Filter>
    </Image>
    <Image Include="too early.png">
      <Filter>Resource Files</Filter>
    </Image>
    <Image Include="complete0.png">
      <Filter>Resource Files</Filter>
    </Image>
    <Image Include="complete1.png">
      <Filter>Resource Files</Filter>
    </Image>
    <Image Include="complete2.png">
      <Filter>Resource Files</Filter>
    </Image>
    <Image Include="complete3.png">
      <Filter>Resource Files</Filter>
    </Image>
    <Image Include="pause.png">
      <Filter>Resource Files</Filter>
    </Image>
    <Image Include="how to play.png">
      <Filter>Resource Files</Filter>
    </Image>
    <Image Include="Image\longnood.png">
      <Filter>Resource Files</Filter>
    </Image>
    <Image Include="Image\longnood_hold.jpg">
      <Filter>Resource Files</Filter>
    </Image>
    <Image Include="Image\gameplaydark.png">
      <Filter>Resource Files</Filter>
    </Image>
    <Image Include="Image\gameplayred.png">
      <Filter>Resource Files</Filter>
    </Image>
    <Image Include="Image\gameplayreddark.png">
      <Filter>Resource Files</Filter>
    </Image>
  </ItemGroup>
  <ItemGroup>
    <Media Include="AdhesiveWombat - 8 Bit Adventure.mp3">
      <Filter>Resource Files</Filter>
    </Media>
    <Media Include="menu.mp3">
      <Filter>Resource Files</Filter>
    </Media>
    <Media Include="end.mp3">
      <Filter>Resource Files</Filter>
    </Media>
  </ItemGroup>
  <ItemGroup>
    <Font Include="font.ttf">
      <Filter>Resource Files</Filter>
    </Font>
  </ItemGroup>
</Project>